
Microsoft Visual Studio Solution File, Format Version 12.00
# Visual Studio Version 17
VisualStudioVersion = 17.4.33213.308
MinimumVisualStudioVersion = 10.0.40219.1
Project("{FAE04EC0-301F-11D3-BF4B-00C04F79EFBC}") = "WpfApp1", "WpfApp1\WpfApp1.csproj", "{B932165B-9642-4A4D-AEFA-CF8EE630A500}"
EndProject
Global
	GlobalSection(SolutionConfigurationPlatforms) = preSolution
		Debug|Any CPU = Debug|Any CPU
		Release|Any CPU = Release|Any CPU
	EndGlobalSection
	GlobalSection(ProjectConfigurationPlatforms) = postSolution
		{B932165B-9642-4A4D-AEFA-CF8EE630A500}.Debug|Any CPU.ActiveCfg = Debug|Any CPU
		{B932165B-9642-4A4D-AEFA-CF8EE630A500}.Debug|Any CPU.Build.0 = Debug|Any CPU
		{B932165B-9642-4A4D-AEFA-CF8EE630A500}.Release|Any CPU.ActiveCfg = Release|Any CPU
		{B932165B-9642-4A4D-AEFA-CF8EE630A500}.Release|Any CPU.Build.0 = Release|Any CPU
	EndGlobalSection
	GlobalSection(SolutionProperties) = preSolution
		HideSolutionNode = FALSE
	EndGlobalSection
	GlobalSection(ExtensibilityGlobals) = postSolution
		SolutionGuid = {28CCB32F-7675-4CC2-AF4A-63E9B6E1AB07}
	EndGlobalSection
EndGlobal
